
Microsoft Visual Studio Solution File, Format Version 12.00
# Visual Studio 14
VisualStudioVersion = 14.0.25123.0
MinimumVisualStudioVersion = 10.0.40219.1
Project("{FAE04EC0-301F-11D3-BF4B-00C04F79EFBC}") = "ConsoleApplication2", "ConsoleApplication2\ConsoleApplication2.csproj", "{FB53377C-A13A-4BD2-A656-BAE020A0F9F3}"
EndProject
Project("{2150E333-8FDC-42A3-9474-1A3956D46DE8}") = "Solution Items", "Solution Items", "{5D837FFB-D935-4E41-9E14-DA606A7FE277}"
	ProjectSection(SolutionItems) = preProject
		..\..\GildedRose-Refactoring-Kata\csharp\ApprovalTest.cs = ..\..\GildedRose-Refactoring-Kata\csharp\ApprovalTest.cs
		..\..\GildedRose-Refactoring-Kata\csharp\GildedRose.cs = ..\..\GildedRose-Refactoring-Kata\csharp\GildedRose.cs
		..\..\GildedRose-Refactoring-Kata\csharp\GildedRoseTest.cs = ..\..\GildedRose-Refactoring-Kata\csharp\GildedRoseTest.cs
		..\..\GildedRose-Refactoring-Kata\csharp\TextTestFixture.cs = ..\..\GildedRose-Refactoring-Kata\csharp\TextTestFixture.cs
	EndProjectSection
EndProject
Global
	GlobalSection(SolutionConfigurationPlatforms) = preSolution
		Debug|Any CPU = Debug|Any CPU
		Release|Any CPU = Release|Any CPU
	EndGlobalSection
	GlobalSection(ProjectConfigurationPlatforms) = postSolution
		{FB53377C-A13A-4BD2-A656-BAE020A0F9F3}.Debug|Any CPU.ActiveCfg = Debug|Any CPU
		{FB53377C-A13A-4BD2-A656-BAE020A0F9F3}.Debug|Any CPU.Build.0 = Debug|Any CPU
		{FB53377C-A13A-4BD2-A656-BAE020A0F9F3}.Release|Any CPU.ActiveCfg = Release|Any CPU
		{FB53377C-A13A-4BD2-A656-BAE020A0F9F3}.Release|Any CPU.Build.0 = Release|Any CPU
	EndGlobalSection
	GlobalSection(SolutionProperties) = preSolution
		HideSolutionNode = FALSE
	EndGlobalSection
EndGlobal
